
Microsoft Visual Studio Solution File, Format Version 12.00
# Visual Studio 2012
Project("{FAE04EC0-301F-11D3-BF4B-00C04F79EFBC}") = "ClassLibrary", "ClassLibrary\ClassLibrary.csproj", "{5DBD7A79-A293-4B88-A39F-ABC09EA6B3F4}"
EndProject
Project("{FAE04EC0-301F-11D3-BF4B-00C04F79EFBC}") = "ToolBox", "..\ToolBox\ToolBox\ToolBox.csproj", "{A3A1F9D3-8C46-4BC6-9B8E-6A8C404263F3}"
EndProject
Global
	GlobalSection(SubversionScc) = preSolution
		Svn-Managed = True
		Manager = AnkhSVN - Subversion Support for Visual Studio
	EndGlobalSection
	GlobalSection(SolutionConfigurationPlatforms) = preSolution
		Debug|Any CPU = Debug|Any CPU
		Release|Any CPU = Release|Any CPU
	EndGlobalSection
	GlobalSection(ProjectConfigurationPlatforms) = postSolution
		{5DBD7A79-A293-4B88-A39F-ABC09EA6B3F4}.Debug|Any CPU.ActiveCfg = Debug|Any CPU
		{5DBD7A79-A293-4B88-A39F-ABC09EA6B3F4}.Debug|Any CPU.Build.0 = Debug|Any CPU
		{5DBD7A79-A293-4B88-A39F-ABC09EA6B3F4}.Release|Any CPU.ActiveCfg = Release|Any CPU
		{5DBD7A79-A293-4B88-A39F-ABC09EA6B3F4}.Release|Any CPU.Build.0 = Release|Any CPU
		{A3A1F9D3-8C46-4BC6-9B8E-6A8C404263F3}.Debug|Any CPU.ActiveCfg = Debug|Any CPU
		{A3A1F9D3-8C46-4BC6-9B8E-6A8C404263F3}.Debug|Any CPU.Build.0 = Debug|Any CPU
		{A3A1F9D3-8C46-4BC6-9B8E-6A8C404263F3}.Release|Any CPU.ActiveCfg = Release|Any CPU
		{A3A1F9D3-8C46-4BC6-9B8E-6A8C404263F3}.Release|Any CPU.Build.0 = Release|Any CPU
	EndGlobalSection
	GlobalSection(SolutionProperties) = preSolution
		HideSolutionNode = FALSE
	EndGlobalSection
EndGlobal
